// !$*UTF8*$!
{
	archiveVersion = 1;
	classes = {
	};
	objectVersion = 46;
	objects = {

/* Begin PBXBuildFile section */
		0117683C1B18BCA500CCDDA9 /* main.m in Sources */ = {isa = PBXBuildFile; fileRef = 0117683B1B18BCA500CCDDA9 /* main.m */; };
		0117683F1B18BCA500CCDDA9 /* AppDelegate.m in Sources */ = {isa = PBXBuildFile; fileRef = 0117683E1B18BCA500CCDDA9 /* AppDelegate.m */; };
		011768421B18BCA500CCDDA9 /* ViewController.m in Sources */ = {isa = PBXBuildFile; fileRef = 011768411B18BCA500CCDDA9 /* ViewController.m */; };
		011768451B18BCA500CCDDA9 /* Main.storyboard in Resources */ = {isa = PBXBuildFile; fileRef = 011768431B18BCA500CCDDA9 /* Main.storyboard */; };
		011768471B18BCA500CCDDA9 /* Images.xcassets in Resources */ = {isa = PBXBuildFile; fileRef = 011768461B18BCA500CCDDA9 /* Images.xcassets */; };
		0117684A1B18BCA500CCDDA9 /* LaunchScreen.xib in Resources */ = {isa = PBXBuildFile; fileRef = 011768481B18BCA500CCDDA9 /* LaunchScreen.xib */; };
		011768561B18BCA500CCDDA9 /* tempDemoTests.m in Sources */ = {isa = PBXBuildFile; fileRef = 011768551B18BCA500CCDDA9 /* tempDemoTests.m */; };
		013F8B841B27F799001098BE /* IMG_0264.PNG in Resources */ = {isa = PBXBuildFile; fileRef = 013F8B7F1B27F799001098BE /* IMG_0264.PNG */; };
		013F8B851B27F799001098BE /* IMG_0266.PNG in Resources */ = {isa = PBXBuildFile; fileRef = 013F8B801B27F799001098BE /* IMG_0266.PNG */; };
		013F8B861B27F799001098BE /* IMG_0267.PNG in Resources */ = {isa = PBXBuildFile; fileRef = 013F8B811B27F799001098BE /* IMG_0267.PNG */; };
		013F8B871B27F799001098BE /* IMG_0265.PNG in Resources */ = {isa = PBXBuildFile; fileRef = 013F8B821B27F799001098BE /* IMG_0265.PNG */; };
		013F8B881B27F799001098BE /* IMG_0268.PNG in Resources */ = {isa = PBXBuildFile; fileRef = 013F8B831B27F799001098BE /* IMG_0268.PNG */; };
/* End PBXBuildFile section */

/* Begin PBXContainerItemProxy section */
		011768501B18BCA500CCDDA9 /* PBXContainerItemProxy */ = {
			isa = PBXContainerItemProxy;
			containerPortal = 0117682E1B18BCA500CCDDA9 /* Project object */;
			proxyType = 1;
			remoteGlobalIDString = 011768351B18BCA500CCDDA9;
			remoteInfo = tempDemo;
		};
/* End PBXContainerItemProxy section */

/* Begin PBXFileReference section */
		011768361B18BCA500CCDDA9 /* tempDemo.app */ = {isa = PBXFileReference; explicitFileType = wrapper.application; includeInIndex = 0; path = tempDemo.app; sourceTree = BUILT_PRODUCTS_DIR; };
		0117683A1B18BCA500CCDDA9 /* Info.plist */ = {isa = PBXFileReference; lastKnownFileType = text.plist.xml; path = Info.plist; sourceTree = "<group>"; };
		0117683B1B18BCA500CCDDA9 /* main.m */ = {isa = PBXFileReference; lastKnownFileType = sourcecode.c.objc; path = main.m; sourceTree = "<group>"; };
		0117683D1B18BCA500CCDDA9 /* AppDelegate.h */ = {isa = PBXFileReference; lastKnownFileType = sourcecode.c.h; path = AppDelegate.h; sourceTree = "<group>"; };
		0117683E1B18BCA500CCDDA9 /* AppDelegate.m */ = {isa = PBXFileReference; lastKnownFileType = sourcecode.c.objc; path = AppDelegate.m; sourceTree = "<group>"; };
		011768401B18BCA500CCDDA9 /* ViewController.h */ = {isa = PBXFileReference; lastKnownFileType = sourcecode.c.h; path = ViewController.h; sourceTree = "<group>"; };
		011768411B18BCA500CCDDA9 /* ViewController.m */ = {isa = PBXFileReference; lastKnownFileType = sourcecode.c.objc; path = ViewController.m; sourceTree = "<group>"; };
		011768441B18BCA500CCDDA9 /* Base */ = {isa = PBXFileReference; lastKnownFileType = file.storyboard; name = Base; path = Base.lproj/Main.storyboard; sourceTree = "<group>"; };
		011768461B18BCA500CCDDA9 /* Images.xcassets */ = {isa = PBXFileReference; lastKnownFileType = folder.assetcatalog; path = Images.xcassets; sourceTree = "<group>"; };
		011768491B18BCA500CCDDA9 /* Base */ = {isa = PBXFileReference; lastKnownFileType = file.xib; name = Base; path = Base.lproj/LaunchScreen.xib; sourceTree = "<group>"; };
		0117684F1B18BCA500CCDDA9 /* tempDemoTests.xctest */ = {isa = PBXFileReference; explicitFileType = wrapper.cfbundle; includeInIndex = 0; path = tempDemoTests.xctest; sourceTree = BUILT_PRODUCTS_DIR; };
		011768541B18BCA500CCDDA9 /* Info.plist */ = {isa = PBXFileReference; lastKnownFileType = text.plist.xml; path = Info.plist; sourceTree = "<group>"; };
		011768551B18BCA500CCDDA9 /* tempDemoTests.m */ = {isa = PBXFileReference; lastKnownFileType = sourcecode.c.objc; path = tempDemoTests.m; sourceTree = "<group>"; };
		013F8B7F1B27F799001098BE /* IMG_0264.PNG */ = {isa = PBXFileReference; lastKnownFileType = image.png; path = IMG_0264.PNG; sourceTree = "<group>"; };
		013F8B801B27F799001098BE /* IMG_0266.PNG */ = {isa = PBXFileReference; lastKnownFileType = image.png; path = IMG_0266.PNG; sourceTree = "<group>"; };
		013F8B811B27F799001098BE /* IMG_0267.PNG */ = {isa = PBXFileReference; lastKnownFileType = image.png; path = IMG_0267.PNG; sourceTree = "<group>"; };
		013F8B821B27F799001098BE /* IMG_0265.PNG */ = {isa = PBXFileReference; lastKnownFileType = image.png; path = IMG_0265.PNG; sourceTree = "<group>"; };
		013F8B831B27F799001098BE /* IMG_0268.PNG */ = {isa = PBXFileReference; lastKnownFileType = image.png; path = IMG_0268.PNG; sourceTree = "<group>"; };
/* End PBXFileReference section */

/* Begin PBXFrameworksBuildPhase section */
		011768331B18BCA500CCDDA9 /* Frameworks */ = {
			isa = PBXFrameworksBuildPhase;
			buildActionMask = 2147483647;
			files = (
			);
			runOnlyForDeploymentPostprocessing = 0;
		};
		0117684C1B18BCA500CCDDA9 /* Frameworks */ = {
			isa = PBXFrameworksBuildPhase;
			buildActionMask = 2147483647;
			files = (
			);
			runOnlyForDeploymentPostprocessing = 0;
		};
/* End PBXFrameworksBuildPhase section */

/* Begin PBXGroup section */
		0117682D1B18BCA500CCDDA9 = {
			isa = PBXGroup;
			children = (
				011768381B18BCA500CCDDA9 /* tempDemo */,
				011768521B18BCA500CCDDA9 /* tempDemoTests */,
				011768371B18BCA500CCDDA9 /* Products */,
			);
			sourceTree = "<group>";
		};
		011768371B18BCA500CCDDA9 /* Products */ = {
			isa = PBXGroup;
			children = (
				011768361B18BCA500CCDDA9 /* tempDemo.app */,
				0117684F1B18BCA500CCDDA9 /* tempDemoTests.xctest */,
			);
			name = Products;
			sourceTree = "<group>";
		};
		011768381B18BCA500CCDDA9 /* tempDemo */ = {
			isa = PBXGroup;
			children = (
				0117683D1B18BCA500CCDDA9 /* AppDelegate.h */,
				0117683E1B18BCA500CCDDA9 /* AppDelegate.m */,
				011768401B18BCA500CCDDA9 /* ViewController.h */,
				011768411B18BCA500CCDDA9 /* ViewController.m */,
				011768431B18BCA500CCDDA9 /* Main.storyboard */,
				011768461B18BCA500CCDDA9 /* Images.xcassets */,
				011768481B18BCA500CCDDA9 /* LaunchScreen.xib */,
				011768391B18BCA500CCDDA9 /* Supporting Files */,
			);
			path = tempDemo;
			sourceTree = "<group>";
		};
		011768391B18BCA500CCDDA9 /* Supporting Files */ = {
			isa = PBXGroup;
			children = (
				013F8B7F1B27F799001098BE /* IMG_0264.PNG */,
				013F8B801B27F799001098BE /* IMG_0266.PNG */,
				013F8B811B27F799001098BE /* IMG_0267.PNG */,
				013F8B821B27F799001098BE /* IMG_0265.PNG */,
				013F8B831B27F799001098BE /* IMG_0268.PNG */,
				0117683A1B18BCA500CCDDA9 /* Info.plist */,
				0117683B1B18BCA500CCDDA9 /* main.m */,
			);
			name = "Supporting Files";
			sourceTree = "<group>";
		};
		011768521B18BCA500CCDDA9 /* tempDemoTests */ = {
			isa = PBXGroup;
			children = (
				011768551B18BCA500CCDDA9 /* tempDemoTests.m */,
				011768531B18BCA500CCDDA9 /* Supporting Files */,
			);
			path = tempDemoTests;
			sourceTree = "<group>";
		};
		011768531B18BCA500CCDDA9 /* Supporting Files */ = {
			isa = PBXGroup;
			children = (
				011768541B18BCA500CCDDA9 /* Info.plist */,
			);
			name = "Supporting Files";
			sourceTree = "<group>";
		};
/* End PBXGroup section */

/* Begin PBXNativeTarget section */
		011768351B18BCA500CCDDA9 /* tempDemo */ = {
			isa = PBXNativeTarget;
			buildConfigurationList = 011768591B18BCA500CCDDA9 /* Build configuration list for PBXNativeTarget "tempDemo" */;
			buildPhases = (
				011768321B18BCA500CCDDA9 /* Sources */,
				011768331B18BCA500CCDDA9 /* Frameworks */,
				011768341B18BCA500CCDDA9 /* Resources */,
			);
			buildRules = (
			);
			dependencies = (
			);
			name = tempDemo;
			productName = tempDemo;
			productReference = 011768361B18BCA500CCDDA9 /* tempDemo.app */;
			productType = "com.apple.product-type.application";
		};
		0117684E1B18BCA500CCDDA9 /* tempDemoTests */ = {
			isa = PBXNativeTarget;
			buildConfigurationList = 0117685C1B18BCA500CCDDA9 /* Build configuration list for PBXNativeTarget "tempDemoTests" */;
			buildPhases = (
				0117684B1B18BCA500CCDDA9 /* Sources */,
				0117684C1B18BCA500CCDDA9 /* Frameworks */,
				0117684D1B18BCA500CCDDA9 /* Resources */,
			);
			buildRules = (
			);
			dependencies = (
				011768511B18BCA500CCDDA9 /* PBXTargetDependency */,
			);
			name = tempDemoTests;
			productName = tempDemoTests;
			productReference = 0117684F1B18BCA500CCDDA9 /* tempDemoTests.xctest */;
			productType = "com.apple.product-type.bundle.unit-test";
		};
/* End PBXNativeTarget section */

/* Begin PBXProject section */
		0117682E1B18BCA500CCDDA9 /* Project object */ = {
			isa = PBXProject;
			attributes = {
				LastUpgradeCheck = 0630;
				ORGANIZATIONNAME = "Nick Hu";
				TargetAttributes = {
					011768351B18BCA500CCDDA9 = {
						CreatedOnToolsVersion = 6.3.1;
					};
					0117684E1B18BCA500CCDDA9 = {
						CreatedOnToolsVersion = 6.3.1;
						TestTargetID = 011768351B18BCA500CCDDA9;
					};
				};
			};
			buildConfigurationList = 011768311B18BCA500CCDDA9 /* Build configuration list for PBXProject "tempDemo" */;
			compatibilityVersion = "Xcode 3.2";
			developmentRegion = English;
			hasScannedForEncodings = 0;
			knownRegions = (
				en,
				Base,
			);
			mainGroup = 0117682D1B18BCA500CCDDA9;
			productRefGroup = 011768371B18BCA500CCDDA9 /* Products */;
			projectDirPath = "";
			projectRoot = "";
			targets = (
				011768351B18BCA500CCDDA9 /* tempDemo */,
				0117684E1B18BCA500CCDDA9 /* tempDemoTests */,
			);
		};
/* End PBXProject section */

/* Begin PBXResourcesBuildPhase section */
		011768341B18BCA500CCDDA9 /* Resources */ = {
			isa = PBXResourcesBuildPhase;
			buildActionMask = 2147483647;
			files = (
				011768451B18BCA500CCDDA9 /* Main.storyboard in Resources */,
				013F8B851B27F799001098BE /* IMG_0266.PNG in Resources */,
				0117684A1B18BCA500CCDDA9 /* LaunchScreen.xib in Resources */,
				011768471B18BCA500CCDDA9 /* Images.xcassets in Resources */,
				013F8B881B27F799001098BE /* IMG_0268.PNG in Resources */,
				013F8B861B27F799001098BE /* IMG_0267.PNG in Resources */,
				013F8B871B27F799001098BE /* IMG_0265.PNG in Resources */,
				013F8B841B27F799001098BE /* IMG_0264.PNG in Resources */,
			);
			runOnlyForDeploymentPostprocessing = 0;
		};
		0117684D1B18BCA500CCDDA9 /* Resources */ = {
			isa = PBXResourcesBuildPhase;
			buildActionMask = 2147483647;
			files = (
			);
			runOnlyForDeploymentPostprocessing = 0;
		};
/* End PBXResourcesBuildPhase section */

/* Begin PBXSourcesBuildPhase section */
		011768321B18BCA500CCDDA9 /* Sources */ = {
			isa = PBXSourcesBuildPhase;
			buildActionMask = 2147483647;
			files = (
				011768421B18BCA500CCDDA9 /* ViewController.m in Sources */,
				0117683F1B18BCA500CCDDA9 /* AppDelegate.m in Sources */,
				0117683C1B18BCA500CCDDA9 /* main.m in Sources */,
			);
			runOnlyForDeploymentPostprocessing = 0;
		};
		0117684B1B18BCA500CCDDA9 /* Sources */ = {
			isa = PBXSourcesBuildPhase;
			buildActionMask = 2147483647;
			files = (
				011768561B18BCA500CCDDA9 /* tempDemoTests.m in Sources */,
			);
			runOnlyForDeploymentPostprocessing = 0;
		};
/* End PBXSourcesBuildPhase section */

/* Begin PBXTargetDependency section */
		011768511B18BCA500CCDDA9 /* PBXTargetDependency */ = {
			isa = PBXTargetDependency;
			target = 011768351B18BCA500CCDDA9 /* tempDemo */;
			targetProxy = 011768501B18BCA500CCDDA9 /* PBXContainerItemProxy */;
		};
/* End PBXTargetDependency section */

/* Begin PBXVariantGroup section */
		011768431B18BCA500CCDDA9 /* Main.storyboard */ = {
			isa = PBXVariantGroup;
			children = (
				011768441B18BCA500CCDDA9 /* Base */,
			);
			name = Main.storyboard;
			sourceTree = "<group>";
		};
		011768481B18BCA500CCDDA9 /* LaunchScreen.xib */ = {
			isa = PBXVariantGroup;
			children = (
				011768491B18BCA500CCDDA9 /* Base */,
			);
			name = LaunchScreen.xib;
			sourceTree = "<group>";
		};
/* End PBXVariantGroup section */

/* Begin XCBuildConfiguration section */
		011768571B18BCA500CCDDA9 /* Debug */ = {
			isa = XCBuildConfiguration;
			buildSettings = {
				ALWAYS_SEARCH_USER_PATHS = NO;
				CLANG_CXX_LANGUAGE_STANDARD = "gnu++0x";
				CLANG_CXX_LIBRARY = "libc++";
				CLANG_ENABLE_MODULES = YES;
				CLANG_ENABLE_OBJC_ARC = YES;
				CLANG_WARN_BOOL_CONVERSION = YES;
				CLANG_WARN_CONSTANT_CONVERSION = YES;
				CLANG_WARN_DIRECT_OBJC_ISA_USAGE = YES_ERROR;
				CLANG_WARN_EMPTY_BODY = YES;
				CLANG_WARN_ENUM_CONVERSION = YES;
				CLANG_WARN_INT_CONVERSION = YES;
				CLANG_WARN_OBJC_ROOT_CLASS = YES_ERROR;
				CLANG_WARN_UNREACHABLE_CODE = YES;
				CLANG_WARN__DUPLICATE_METHOD_MATCH = YES;
				"CODE_SIGN_IDENTITY[sdk=iphoneos*]" = "iPhone Developer";
				COPY_PHASE_STRIP = NO;
				DEBUG_INFORMATION_FORMAT = "dwarf-with-dsym";
				ENABLE_STRICT_OBJC_MSGSEND = YES;
				GCC_C_LANGUAGE_STANDARD = gnu99;
				GCC_DYNAMIC_NO_PIC = NO;
				GCC_NO_COMMON_BLOCKS = YES;
				GCC_OPTIMIZATION_LEVEL = 0;
				GCC_PREPROCESSOR_DEFINITIONS = (
					"DEBUG=1",
					"$(inherited)",
				);
				GCC_SYMBOLS_PRIVATE_EXTERN = NO;
				GCC_WARN_64_TO_32_BIT_CONVERSION = YES;
				GCC_WARN_ABOUT_RETURN_TYPE = YES_ERROR;
				GCC_WARN_UNDECLARED_SELECTOR = YES;
				GCC_WARN_UNINITIALIZED_AUTOS = YES_AGGRESSIVE;
				GCC_WARN_UNUSED_FUNCTION = YES;
				GCC_WARN_UNUSED_VARIABLE = YES;
				IPHONEOS_DEPLOYMENT_TARGET = 8.3;
				MTL_ENABLE_DEBUG_INFO = YES;
				ONLY_ACTIVE_ARCH = YES;
				SDKROOT = iphoneos;
			};
			name = Debug;
		};
		011768581B18BCA500CCDDA9 /* Release */ = {
			isa = XCBuildConfiguration;
			buildSettings = {
				ALWAYS_SEARCH_USER_PATHS = NO;
				CLANG_CXX_LANGUAGE_STANDARD = "gnu++0x";
				CLANG_CXX_LIBRARY = "libc++";
				CLANG_ENABLE_MODULES = YES;
				CLANG_ENABLE_OBJC_ARC = YES;
				CLANG_WARN_BOOL_CONVERSION = YES;
				CLANG_WARN_CONSTANT_CONVERSION = YES;
				CLANG_WARN_DIRECT_OBJC_ISA_USAGE = YES_ERROR;
				CLANG_WARN_EMPTY_BODY = YES;
				CLANG_WARN_ENUM_CONVERSION = YES;
				CLANG_WARN_INT_CONVERSION = YES;
				CLANG_WARN_OBJC_ROOT_CLASS = YES_ERROR;
				CLANG_WARN_UNREACHABLE_CODE = YES;
				CLANG_WARN__DUPLICATE_METHOD_MATCH = YES;
				"CODE_SIGN_IDENTITY[sdk=iphoneos*]" = "iPhone Developer";
				COPY_PHASE_STRIP = NO;
				DEBUG_INFORMATION_FORMAT = "dwarf-with-dsym";
				ENABLE_NS_ASSERTIONS = NO;
				ENABLE_STRICT_OBJC_MSGSEND = YES;
				GCC_C_LANGUAGE_STANDARD = gnu99;
				GCC_NO_COMMON_BLOCKS = YES;
				GCC_WARN_64_TO_32_BIT_CONVERSION = YES;
				GCC_WARN_ABOUT_RETURN_TYPE = YES_ERROR;
				GCC_WARN_UNDECLARED_SELECTOR = YES;
				GCC_WARN_UNINITIALIZED_AUTOS = YES_AGGRESSIVE;
				GCC_WARN_UNUSED_FUNCTION = YES;
				GCC_WARN_UNUSED_VARIABLE = YES;
				IPHONEOS_DEPLOYMENT_TARGET = 8.3;
				MTL_ENABLE_DEBUG_INFO = NO;
				SDKROOT = iphoneos;
				VALIDATE_PRODUCT = YES;
			};
			name = Release;
		};
		0117685A1B18BCA500CCDDA9 /* Debug */ = {
			isa = XCBuildConfiguration;
			buildSettings = {
				ASSETCATALOG_COMPILER_APPICON_NAME = AppIcon;
				INFOPLIST_FILE = tempDemo/Info.plist;
				LD_RUNPATH_SEARCH_PATHS = "$(inherited) @executable_path/Frameworks";
				PRODUCT_NAME = "$(TARGET_NAME)";
			};
			name = Debug;
		};
		0117685B1B18BCA500CCDDA9 /* Release */ = {
			isa = XCBuildConfiguration;
			buildSettings = {
				ASSETCATALOG_COMPILER_APPICON_NAME = AppIcon;
				INFOPLIST_FILE = tempDemo/Info.plist;
				LD_RUNPATH_SEARCH_PATHS = "$(inherited) @executable_path/Frameworks";
				PRODUCT_NAME = "$(TARGET_NAME)";
			};
			name = Release;
		};
		0117685D1B18BCA500CCDDA9 /* Debug */ = {
			isa = XCBuildConfiguration;
			buildSettings = {
				BUNDLE_LOADER = "$(TEST_HOST)";
				FRAMEWORK_SEARCH_PATHS = (
					"$(SDKROOT)/Developer/Library/Frameworks",
					"$(inherited)",
				);
				GCC_PREPROCESSOR_DEFINITIONS = (
					"DEBUG=1",
					"$(inherited)",
				);
				INFOPLIST_FILE = tempDemoTests/Info.plist;
				LD_RUNPATH_SEARCH_PATHS = "$(inherited) @executable_path/Frameworks @loader_path/Frameworks";
				PRODUCT_NAME = "$(TARGET_NAME)";
				TEST_HOST = "$(BUILT_PRODUCTS_DIR)/tempDemo.app/tempDemo";
			};
			name = Debug;
		};
		0117685E1B18BCA500CCDDA9 /* Release */ = {
			isa = XCBuildConfiguration;
			buildSettings = {
				BUNDLE_LOADER = "$(TEST_HOST)";
				FRAMEWORK_SEARCH_PATHS = (
					"$(SDKROOT)/Developer/Library/Frameworks",
					"$(inherited)",
				);
				INFOPLIST_FILE = tempDemoTests/Info.plist;
				LD_RUNPATH_SEARCH_PATHS = "$(inherited) @executable_path/Frameworks @loader_path/Frameworks";
				PRODUCT_NAME = "$(TARGET_NAME)";
				TEST_HOST = "$(BUILT_PRODUCTS_DIR)/tempDemo.app/tempDemo";
			};
			name = Release;
		};
/* End XCBuildConfiguration section */

/* Begin XCConfigurationList section */
		011768311B18BCA500CCDDA9 /* Build configuration list for PBXProject "tempDemo" */ = {
			isa = XCConfigurationList;
			buildConfigurations = (
				011768571B18BCA500CCDDA9 /* Debug */,
				011768581B18BCA500CCDDA9 /* Release */,
			);
			defaultConfigurationIsVisible = 0;
			defaultConfigurationName = Release;
		};
		011768591B18BCA500CCDDA9 /* Build configuration list for PBXNativeTarget "tempDemo" */ = {
			isa = XCConfigurationList;
			buildConfigurations = (
				0117685A1B18BCA500CCDDA9 /* Debug */,
				0117685B1B18BCA500CCDDA9 /* Release */,
			);
			defaultConfigurationIsVisible = 0;
			defaultConfigurationName = Release;
		};
		0117685C1B18BCA500CCDDA9 /* Build configuration list for PBXNativeTarget "tempDemoTests" */ = {
			isa = XCConfigurationList;
			buildConfigurations = (
				0117685D1B18BCA500CCDDA9 /* Debug */,
				0117685E1B18BCA500CCDDA9 /* Release */,
			);
			defaultConfigurationIsVisible = 0;
			defaultConfigurationName = Release;
		};
/* End XCConfigurationList section */
	};
	rootObject = 0117682E1B18BCA500CCDDA9 /* Project object */;
}
